
Microsoft Visual Studio Solution File, Format Version 12.00
# Visual Studio 15
VisualStudioVersion = 15.0.27004.2009
MinimumVisualStudioVersion = 10.0.40219.1
Project("{FAE04EC0-301F-11D3-BF4B-00C04F79EFBC}") = "ListaProcesa", "ListaProcesa\ListaProcesa.csproj", "{10484ED7-8BA4-4342-AE4C-014AB4799AC5}"
EndProject
Global
	GlobalSection(SolutionConfigurationPlatforms) = preSolution
		Debug|Any CPU = Debug|Any CPU
		Release|Any CPU = Release|Any CPU
	EndGlobalSection
	GlobalSection(ProjectConfigurationPlatforms) = postSolution
		{10484ED7-8BA4-4342-AE4C-014AB4799AC5}.Debug|Any CPU.ActiveCfg = Debug|Any CPU
		{10484ED7-8BA4-4342-AE4C-014AB4799AC5}.Debug|Any CPU.Build.0 = Debug|Any CPU
		{10484ED7-8BA4-4342-AE4C-014AB4799AC5}.Release|Any CPU.ActiveCfg = Release|Any CPU
		{10484ED7-8BA4-4342-AE4C-014AB4799AC5}.Release|Any CPU.Build.0 = Release|Any CPU
	EndGlobalSection
	GlobalSection(SolutionProperties) = preSolution
		HideSolutionNode = FALSE
	EndGlobalSection
	GlobalSection(ExtensibilityGlobals) = postSolution
		SolutionGuid = {CF677629-570C-41B1-87B3-C96466DF1D22}
	EndGlobalSection
EndGlobal
